{
  "name": "hospital-management-systems",
  "version": "1.0.0",
  "lockfileVersion": 3,
  "requires": true,
  "packages": {
    "": {
      "name": "hospital-management-systems",
      "version": "1.0.0",
      "license": "ISC",
      "dependencies": {
        "hospital-management-systems": "file:"
      }
    },
    "node_modules/hospital-management-systems": {
      "resolved": "",
      "link": true
    }
  }
}
